
Microsoft Visual Studio Solution File, Format Version 12.00
# Visual Studio Version 17
VisualStudioVersion = 17.8.34525.116
MinimumVisualStudioVersion = 10.0.40219.1
Project("{8BC9CEB8-8B4A-11D0-8D11-00A0C91BC942}") = "Amalgam", "Amalgam\Amalgam.vcxproj", "{2550C133-72A8-4AF7-B22A-A8012BD9F376}"
	ProjectSection(ProjectDependencies) = postProject
		{94E0DA6C-F15C-416A-8992-5B067095F474} = {94E0DA6C-F15C-416A-8992-5B067095F474}
	EndProjectSection
EndProject
Project("{8BC9CEB8-8B4A-11D0-8D11-00A0C91BC942}") = "BlackBone", "AmalgamLoader\ext\blackbone\src\BlackBone\BlackBone.vcxproj", "{A2C53563-46F5-4D87-903F-3F1F2FDB2DEB}"
EndProject
Project("{8BC9CEB8-8B4A-11D0-8D11-00A0C91BC942}") = "AmalgamLoader", "AmalgamLoader\src\AmalgamLoader.vcxproj", "{94E0DA6C-F15C-416A-8992-5B067095F474}"
	ProjectSection(ProjectDependencies) = postProject
		{A2C53563-46F5-4D87-903F-3F1F2FDB2DEB} = {A2C53563-46F5-4D87-903F-3F1F2FDB2DEB}
	EndProjectSection
EndProject
Global
	GlobalSection(SolutionConfigurationPlatforms) = preSolution
		Debug|x64 = Debug|x64
		Debug|x86 = Debug|x86
		DebugAVX2|x64 = DebugAVX2|x64
		DebugAVX2|x86 = DebugAVX2|x86
		DebugFreetype|x64 = DebugFreetype|x64
		DebugFreetype|x86 = DebugFreetype|x86
		DebugFreetypeAVX2|x64 = DebugFreetypeAVX2|x64
		DebugFreetypeAVX2|x86 = DebugFreetypeAVX2|x86
		Release|x64 = Release|x64
		Release|x86 = Release|x86
		ReleaseAVX2|x64 = ReleaseAVX2|x64
		ReleaseAVX2|x86 = ReleaseAVX2|x86
		ReleaseFreetype|x64 = ReleaseFreetype|x64
		ReleaseFreetype|x86 = ReleaseFreetype|x86
		ReleaseFreetypeAVX2|x64 = ReleaseFreetypeAVX2|x64
		ReleaseFreetypeAVX2|x86 = ReleaseFreetypeAVX2|x86
	EndGlobalSection
	GlobalSection(ProjectConfigurationPlatforms) = postSolution
		{2550C133-72A8-4AF7-B22A-A8012BD9F376}.Debug|x64.ActiveCfg = Debug|x64
		{2550C133-72A8-4AF7-B22A-A8012BD9F376}.Debug|x64.Build.0 = Debug|x64
		{2550C133-72A8-4AF7-B22A-A8012BD9F376}.Debug|x86.ActiveCfg = Debug|Win32
		{2550C133-72A8-4AF7-B22A-A8012BD9F376}.Debug|x86.Build.0 = Debug|Win32
		{2550C133-72A8-4AF7-B22A-A8012BD9F376}.DebugAVX2|x64.ActiveCfg = DebugAVX2|x64
		{2550C133-72A8-4AF7-B22A-A8012BD9F376}.DebugAVX2|x64.Build.0 = DebugAVX2|x64
		{2550C133-72A8-4AF7-B22A-A8012BD9F376}.DebugAVX2|x86.ActiveCfg = DebugAVX2|Win32
		{2550C133-72A8-4AF7-B22A-A8012BD9F376}.DebugAVX2|x86.Build.0 = DebugAVX2|Win32
		{2550C133-72A8-4AF7-B22A-A8012BD9F376}.DebugFreetype|x64.ActiveCfg = DebugFreetype|x64
		{2550C133-72A8-4AF7-B22A-A8012BD9F376}.DebugFreetype|x64.Build.0 = DebugFreetype|x64
		{2550C133-72A8-4AF7-B22A-A8012BD9F376}.DebugFreetype|x86.ActiveCfg = DebugFreetype|Win32
		{2550C133-72A8-4AF7-B22A-A8012BD9F376}.DebugFreetype|x86.Build.0 = DebugFreetype|Win32
		{2550C133-72A8-4AF7-B22A-A8012BD9F376}.DebugFreetypeAVX2|x64.ActiveCfg = DebugFreetypeAVX2|x64
		{2550C133-72A8-4AF7-B22A-A8012BD9F376}.DebugFreetypeAVX2|x64.Build.0 = DebugFreetypeAVX2|x64
		{2550C133-72A8-4AF7-B22A-A8012BD9F376}.DebugFreetypeAVX2|x86.ActiveCfg = DebugFreetypeAVX2|Win32
		{2550C133-72A8-4AF7-B22A-A8012BD9F376}.DebugFreetypeAVX2|x86.Build.0 = DebugFreetypeAVX2|Win32
		{2550C133-72A8-4AF7-B22A-A8012BD9F376}.Release|x64.ActiveCfg = Release|x64
		{2550C133-72A8-4AF7-B22A-A8012BD9F376}.Release|x64.Build.0 = Release|x64
		{2550C133-72A8-4AF7-B22A-A8012BD9F376}.Release|x86.ActiveCfg = Release|Win32
		{2550C133-72A8-4AF7-B22A-A8012BD9F376}.Release|x86.Build.0 = Release|Win32
		{2550C133-72A8-4AF7-B22A-A8012BD9F376}.ReleaseAVX2|x64.ActiveCfg = ReleaseAVX2|x64
		{2550C133-72A8-4AF7-B22A-A8012BD9F376}.ReleaseAVX2|x64.Build.0 = ReleaseAVX2|x64
		{2550C133-72A8-4AF7-B22A-A8012BD9F376}.ReleaseAVX2|x86.ActiveCfg = ReleaseAVX2|Win32
		{2550C133-72A8-4AF7-B22A-A8012BD9F376}.ReleaseAVX2|x86.Build.0 = ReleaseAVX2|Win32
		{2550C133-72A8-4AF7-B22A-A8012BD9F376}.ReleaseFreetype|x64.ActiveCfg = ReleaseFreetype|x64
		{2550C133-72A8-4AF7-B22A-A8012BD9F376}.ReleaseFreetype|x64.Build.0 = ReleaseFreetype|x64
		{2550C133-72A8-4AF7-B22A-A8012BD9F376}.ReleaseFreetype|x86.ActiveCfg = ReleaseFreetype|Win32
		{2550C133-72A8-4AF7-B22A-A8012BD9F376}.ReleaseFreetype|x86.Build.0 = ReleaseFreetype|Win32
		{2550C133-72A8-4AF7-B22A-A8012BD9F376}.ReleaseFreetypeAVX2|x64.ActiveCfg = ReleaseFreetypeAVX2|x64
		{2550C133-72A8-4AF7-B22A-A8012BD9F376}.ReleaseFreetypeAVX2|x64.Build.0 = ReleaseFreetypeAVX2|x64
		{2550C133-72A8-4AF7-B22A-A8012BD9F376}.ReleaseFreetypeAVX2|x86.ActiveCfg = ReleaseFreetypeAVX2|Win32
		{2550C133-72A8-4AF7-B22A-A8012BD9F376}.ReleaseFreetypeAVX2|x86.Build.0 = ReleaseFreetypeAVX2|Win32
		{94E0DA6C-F15C-416A-8992-5B067095F474}.Debug|x64.ActiveCfg = Release|x64
		{94E0DA6C-F15C-416A-8992-5B067095F474}.Debug|x64.Build.0 = Release|x64
		{94E0DA6C-F15C-416A-8992-5B067095F474}.Debug|x86.ActiveCfg = Release|x64
		{94E0DA6C-F15C-416A-8992-5B067095F474}.Debug|x86.Build.0 = Release|x64
		{94E0DA6C-F15C-416A-8992-5B067095F474}.DebugAVX2|x64.ActiveCfg = Release|x64
		{94E0DA6C-F15C-416A-8992-5B067095F474}.DebugAVX2|x64.Build.0 = Release|x64
		{94E0DA6C-F15C-416A-8992-5B067095F474}.DebugAVX2|x86.ActiveCfg = Release|x64
		{94E0DA6C-F15C-416A-8992-5B067095F474}.DebugAVX2|x86.Build.0 = Release|x64
		{94E0DA6C-F15C-416A-8992-5B067095F474}.DebugFreetype|x64.ActiveCfg = Release|x64
		{94E0DA6C-F15C-416A-8992-5B067095F474}.DebugFreetype|x64.Build.0 = Release|x64
		{94E0DA6C-F15C-416A-8992-5B067095F474}.DebugFreetype|x86.ActiveCfg = Release|x64
		{94E0DA6C-F15C-416A-8992-5B067095F474}.DebugFreetype|x86.Build.0 = Release|x64
		{94E0DA6C-F15C-416A-8992-5B067095F474}.DebugFreetypeAVX2|x64.ActiveCfg = Release|x64
		{94E0DA6C-F15C-416A-8992-5B067095F474}.DebugFreetypeAVX2|x64.Build.0 = Release|x64
		{94E0DA6C-F15C-416A-8992-5B067095F474}.DebugFreetypeAVX2|x86.ActiveCfg = Release|x64
		{94E0DA6C-F15C-416A-8992-5B067095F474}.DebugFreetypeAVX2|x86.Build.0 = Release|x64
		{94E0DA6C-F15C-416A-8992-5B067095F474}.Release|x64.ActiveCfg = Release|x64
		{94E0DA6C-F15C-416A-8992-5B067095F474}.Release|x64.Build.0 = Release|x64
		{94E0DA6C-F15C-416A-8992-5B067095F474}.Release|x86.ActiveCfg = Release|x64
		{94E0DA6C-F15C-416A-8992-5B067095F474}.Release|x86.Build.0 = Release|x64
		{94E0DA6C-F15C-416A-8992-5B067095F474}.ReleaseAVX2|x64.ActiveCfg = Release|x64
		{94E0DA6C-F15C-416A-8992-5B067095F474}.ReleaseAVX2|x64.Build.0 = Release|x64
		{94E0DA6C-F15C-416A-8992-5B067095F474}.ReleaseAVX2|x86.ActiveCfg = Release|x64
		{94E0DA6C-F15C-416A-8992-5B067095F474}.ReleaseAVX2|x86.Build.0 = Release|x64
		{94E0DA6C-F15C-416A-8992-5B067095F474}.ReleaseFreetype|x64.ActiveCfg = Release|x64
		{94E0DA6C-F15C-416A-8992-5B067095F474}.ReleaseFreetype|x64.Build.0 = Release|x64
		{94E0DA6C-F15C-416A-8992-5B067095F474}.ReleaseFreetype|x86.ActiveCfg = Release|x64
		{94E0DA6C-F15C-416A-8992-5B067095F474}.ReleaseFreetype|x86.Build.0 = Release|x64
		{94E0DA6C-F15C-416A-8992-5B067095F474}.ReleaseFreetypeAVX2|x64.ActiveCfg = Release|x64
		{94E0DA6C-F15C-416A-8992-5B067095F474}.ReleaseFreetypeAVX2|x64.Build.0 = Release|x64
		{94E0DA6C-F15C-416A-8992-5B067095F474}.ReleaseFreetypeAVX2|x86.ActiveCfg = Release|x64
		{94E0DA6C-F15C-416A-8992-5B067095F474}.ReleaseFreetypeAVX2|x86.Build.0 = Release|x64
		{A2C53563-46F5-4D87-903F-3F1F2FDB2DEB}.Debug|x64.ActiveCfg = Release|x64
		{A2C53563-46F5-4D87-903F-3F1F2FDB2DEB}.Debug|x64.Build.0 = Release|x64
		{A2C53563-46F5-4D87-903F-3F1F2FDB2DEB}.Debug|x86.ActiveCfg = Release|x64
		{A2C53563-46F5-4D87-903F-3F1F2FDB2DEB}.Debug|x86.Build.0 = Release|x64
		{A2C53563-46F5-4D87-903F-3F1F2FDB2DEB}.DebugAVX2|x64.ActiveCfg = Release|x64
		{A2C53563-46F5-4D87-903F-3F1F2FDB2DEB}.DebugAVX2|x64.Build.0 = Release|x64
		{A2C53563-46F5-4D87-903F-3F1F2FDB2DEB}.DebugAVX2|x86.ActiveCfg = Release|x64
		{A2C53563-46F5-4D87-903F-3F1F2FDB2DEB}.DebugAVX2|x86.Build.0 = Release|x64
		{A2C53563-46F5-4D87-903F-3F1F2FDB2DEB}.DebugFreetype|x64.ActiveCfg = Release|x64
		{A2C53563-46F5-4D87-903F-3F1F2FDB2DEB}.DebugFreetype|x64.Build.0 = Release|x64
		{A2C53563-46F5-4D87-903F-3F1F2FDB2DEB}.DebugFreetype|x86.ActiveCfg = Release|x64
		{A2C53563-46F5-4D87-903F-3F1F2FDB2DEB}.DebugFreetype|x86.Build.0 = Release|x64
		{A2C53563-46F5-4D87-903F-3F1F2FDB2DEB}.DebugFreetypeAVX2|x64.ActiveCfg = Release|x64
		{A2C53563-46F5-4D87-903F-3F1F2FDB2DEB}.DebugFreetypeAVX2|x64.Build.0 = Release|x64
		{A2C53563-46F5-4D87-903F-3F1F2FDB2DEB}.DebugFreetypeAVX2|x86.ActiveCfg = Release|x64
		{A2C53563-46F5-4D87-903F-3F1F2FDB2DEB}.DebugFreetypeAVX2|x86.Build.0 = Release|x64
		{A2C53563-46F5-4D87-903F-3F1F2FDB2DEB}.Release|x64.ActiveCfg = Release|x64
		{A2C53563-46F5-4D87-903F-3F1F2FDB2DEB}.Release|x64.Build.0 = Release|x64
		{A2C53563-46F5-4D87-903F-3F1F2FDB2DEB}.Release|x86.ActiveCfg = Release|x64
		{A2C53563-46F5-4D87-903F-3F1F2FDB2DEB}.Release|x86.Build.0 = Release|x64
		{A2C53563-46F5-4D87-903F-3F1F2FDB2DEB}.ReleaseAVX2|x64.ActiveCfg = Release|x64
		{A2C53563-46F5-4D87-903F-3F1F2FDB2DEB}.ReleaseAVX2|x64.Build.0 = Release|x64
		{A2C53563-46F5-4D87-903F-3F1F2FDB2DEB}.ReleaseAVX2|x86.ActiveCfg = Release|x64
		{A2C53563-46F5-4D87-903F-3F1F2FDB2DEB}.ReleaseAVX2|x86.Build.0 = Release|x64
		{A2C53563-46F5-4D87-903F-3F1F2FDB2DEB}.ReleaseFreetype|x64.ActiveCfg = Release|x64
		{A2C53563-46F5-4D87-903F-3F1F2FDB2DEB}.ReleaseFreetype|x64.Build.0 = Release|x64
		{A2C53563-46F5-4D87-903F-3F1F2FDB2DEB}.ReleaseFreetype|x86.ActiveCfg = Release|x64
		{A2C53563-46F5-4D87-903F-3F1F2FDB2DEB}.ReleaseFreetype|x86.Build.0 = Release|x64
		{A2C53563-46F5-4D87-903F-3F1F2FDB2DEB}.ReleaseFreetypeAVX2|x64.ActiveCfg = Release|x64
		{A2C53563-46F5-4D87-903F-3F1F2FDB2DEB}.ReleaseFreetypeAVX2|x64.Build.0 = Release|x64
		{A2C53563-46F5-4D87-903F-3F1F2FDB2DEB}.ReleaseFreetypeAVX2|x86.ActiveCfg = Release|x64
		{A2C53563-46F5-4D87-903F-3F1F2FDB2DEB}.ReleaseFreetypeAVX2|x86.Build.0 = Release|x64
	EndGlobalSection
	GlobalSection(SolutionProperties) = preSolution
		HideSolutionNode = FALSE
	EndGlobalSection
	GlobalSection(ExtensibilityGlobals) = postSolution
		SolutionGuid = {5E35C5DE-7694-4637-AC86-EF5BEB5B0763}
	EndGlobalSection
EndGlobal
